// !$*UTF8*$!
{
	archiveVersion = 1;
	classes = {
	};
	objectVersion = 50;
	objects = {

/* Begin PBXBuildFile section */
		1D09268C223C1248005BC5FC /* EquationPickerViewController.swift in Sources */ = {isa = PBXBuildFile; fileRef = 1D09268B223C1248005BC5FC /* EquationPickerViewController.swift */; };
		1D0DDCD7222F148500D916F6 /* Win3DViewController.swift in Sources */ = {isa = PBXBuildFile; fileRef = 1D0DDCD6222F148500D916F6 /* Win3DViewController.swift */; };
		1D0DDCD9222F14E000D916F6 /* View3D.swift in Sources */ = {isa = PBXBuildFile; fileRef = 1D0DDCD8222F14E000D916F6 /* View3D.swift */; };
		1D0DDCDB222F14F300D916F6 /* help2.txt in Resources */ = {isa = PBXBuildFile; fileRef = 1D0DDCDA222F14F300D916F6 /* help2.txt */; };
		1D0DDCDD222F173600D916F6 /* Renderer.swift in Sources */ = {isa = PBXBuildFile; fileRef = 1D0DDCDC222F173600D916F6 /* Renderer.swift */; };
		1D0DDCDF222F181C00D916F6 /* ArcBall.swift in Sources */ = {isa = PBXBuildFile; fileRef = 1D0DDCDE222F181B00D916F6 /* ArcBall.swift */; };
		1D3FB471225519240027DFDF /* VideoRecorderViewController.swift in Sources */ = {isa = PBXBuildFile; fileRef = 1D3FB46F225519240027DFDF /* VideoRecorderViewController.swift */; };
		1D3FB4742256C78A0027DFDF /* help3.txt in Resources */ = {isa = PBXBuildFile; fileRef = 1D3FB4732256C7890027DFDF /* help3.txt */; };
		1D40CB4D21F1015F009C73A3 /* Widget.swift in Sources */ = {isa = PBXBuildFile; fileRef = 1D40CB4C21F1015F009C73A3 /* Widget.swift */; };
		1D465008221E88DA00D14A94 /* SaveLoadViewController.swift in Sources */ = {isa = PBXBuildFile; fileRef = 1D465007221E88DA00D14A94 /* SaveLoadViewController.swift */; };
		1D46500A2221B0BB00D14A94 /* HelpViewController.swift in Sources */ = {isa = PBXBuildFile; fileRef = 1D4650092221B0BB00D14A94 /* HelpViewController.swift */; };
		1D46500C2221B0C400D14A94 /* help.txt in Resources */ = {isa = PBXBuildFile; fileRef = 1D46500B2221B0C400D14A94 /* help.txt */; };
		1DAF37B721EAA112000DC9E5 /* ViewController.swift in Sources */ = {isa = PBXBuildFile; fileRef = 1DAF37B521EAA112000DC9E5 /* ViewController.swift */; };
		CFD49CC62115B92300B4C5EB /* MetalView.swift in Sources */ = {isa = PBXBuildFile; fileRef = CFD49CC52115B92300B4C5EB /* MetalView.swift */; };
		CFD49CCA2115C6DC00B4C5EB /* Shaders.metal in Sources */ = {isa = PBXBuildFile; fileRef = CFD49CC92115C6DC00B4C5EB /* Shaders.metal */; };
		CFEA3DEB211463D800C7DBD3 /* AppDelegate.swift in Sources */ = {isa = PBXBuildFile; fileRef = CFEA3DEA211463D800C7DBD3 /* AppDelegate.swift */; };
		CFEA3DEF211463D900C7DBD3 /* Assets.xcassets in Resources */ = {isa = PBXBuildFile; fileRef = CFEA3DEE211463D900C7DBD3 /* Assets.xcassets */; };
		CFEA3DF2211463D900C7DBD3 /* Main.storyboard in Resources */ = {isa = PBXBuildFile; fileRef = CFEA3DF0211463D900C7DBD3 /* Main.storyboard */; };
/* End PBXBuildFile section */

/* Begin PBXFileReference section */
		1D09268B223C1248005BC5FC /* EquationPickerViewController.swift */ = {isa = PBXFileReference; fileEncoding = 4; lastKnownFileType = sourcecode.swift; path = EquationPickerViewController.swift; sourceTree = "<group>"; };
		1D0DDCD6222F148500D916F6 /* Win3DViewController.swift */ = {isa = PBXFileReference; fileEncoding = 4; lastKnownFileType = sourcecode.swift; path = Win3DViewController.swift; sourceTree = "<group>"; };
		1D0DDCD8222F14E000D916F6 /* View3D.swift */ = {isa = PBXFileReference; fileEncoding = 4; lastKnownFileType = sourcecode.swift; path = View3D.swift; sourceTree = "<group>"; };
		1D0DDCDA222F14F300D916F6 /* help2.txt */ = {isa = PBXFileReference; fileEncoding = 4; lastKnownFileType = text; path = help2.txt; sourceTree = "<group>"; };
		1D0DDCDC222F173600D916F6 /* Renderer.swift */ = {isa = PBXFileReference; fileEncoding = 4; lastKnownFileType = sourcecode.swift; path = Renderer.swift; sourceTree = "<group>"; };
		1D0DDCDE222F181B00D916F6 /* ArcBall.swift */ = {isa = PBXFileReference; fileEncoding = 4; lastKnownFileType = sourcecode.swift; path = ArcBall.swift; sourceTree = "<group>"; };
		1D3FB46F225519240027DFDF /* VideoRecorderViewController.swift */ = {isa = PBXFileReference; lastKnownFileType = sourcecode.swift; path = VideoRecorderViewController.swift; sourceTree = "<group>"; };
		1D3FB4732256C7890027DFDF /* help3.txt */ = {isa = PBXFileReference; fileEncoding = 4; lastKnownFileType = text; path = help3.txt; sourceTree = "<group>"; };
		1D40CB4C21F1015F009C73A3 /* Widget.swift */ = {isa = PBXFileReference; lastKnownFileType = sourcecode.swift; path = Widget.swift; sourceTree = "<group>"; };
		1D465007221E88DA00D14A94 /* SaveLoadViewController.swift */ = {isa = PBXFileReference; fileEncoding = 4; lastKnownFileType = sourcecode.swift; path = SaveLoadViewController.swift; sourceTree = "<group>"; };
		1D4650092221B0BB00D14A94 /* HelpViewController.swift */ = {isa = PBXFileReference; fileEncoding = 4; lastKnownFileType = sourcecode.swift; path = HelpViewController.swift; sourceTree = "<group>"; };
		1D46500B2221B0C400D14A94 /* help.txt */ = {isa = PBXFileReference; fileEncoding = 4; lastKnownFileType = text; path = help.txt; sourceTree = "<group>"; };
		1DAF37B521EAA112000DC9E5 /* ViewController.swift */ = {isa = PBXFileReference; lastKnownFileType = sourcecode.swift; path = ViewController.swift; sourceTree = "<group>"; };
		1DAF37B921EAD662000DC9E5 /* Shader.h */ = {isa = PBXFileReference; fileEncoding = 4; lastKnownFileType = sourcecode.c.h; path = Shader.h; sourceTree = "<group>"; };
		CFD49CC52115B92300B4C5EB /* MetalView.swift */ = {isa = PBXFileReference; lastKnownFileType = sourcecode.swift; path = MetalView.swift; sourceTree = "<group>"; };
		CFD49CC92115C6DC00B4C5EB /* Shaders.metal */ = {isa = PBXFileReference; lastKnownFileType = sourcecode.metal; path = Shaders.metal; sourceTree = "<group>"; };
		CFEA3DE7211463D800C7DBD3 /* OSX_BareBonesRayMarching.app */ = {isa = PBXFileReference; explicitFileType = wrapper.application; includeInIndex = 0; path = OSX_BareBonesRayMarching.app; sourceTree = BUILT_PRODUCTS_DIR; };
		CFEA3DEA211463D800C7DBD3 /* AppDelegate.swift */ = {isa = PBXFileReference; lastKnownFileType = sourcecode.swift; path = AppDelegate.swift; sourceTree = "<group>"; };
		CFEA3DEE211463D900C7DBD3 /* Assets.xcassets */ = {isa = PBXFileReference; lastKnownFileType = folder.assetcatalog; path = Assets.xcassets; sourceTree = "<group>"; };
		CFEA3DF1211463D900C7DBD3 /* Base */ = {isa = PBXFileReference; lastKnownFileType = file.storyboard; name = Base; path = Base.lproj/Main.storyboard; sourceTree = "<group>"; };
		CFEA3DF3211463D900C7DBD3 /* Info.plist */ = {isa = PBXFileReference; lastKnownFileType = text.plist.xml; path = Info.plist; sourceTree = "<group>"; };
		CFEA3DF4211463D900C7DBD3 /* Entitlements.entitlements */ = {isa = PBXFileReference; lastKnownFileType = text.plist.entitlements; path = Entitlements.entitlements; sourceTree = "<group>"; };
/* End PBXFileReference section */

/* Begin PBXFrameworksBuildPhase section */
		CFEA3DE4211463D800C7DBD3 /* Frameworks */ = {
			isa = PBXFrameworksBuildPhase;
			buildActionMask = 2147483647;
			files = (
			);
			runOnlyForDeploymentPostprocessing = 0;
		};
/* End PBXFrameworksBuildPhase section */

/* Begin PBXGroup section */
		CFEA3DDE211463D800C7DBD3 = {
			isa = PBXGroup;
			children = (
				CFEA3DE9211463D800C7DBD3 /* Source */,
				CFEA3DE8211463D800C7DBD3 /* Products */,
			);
			sourceTree = "<group>";
		};
		CFEA3DE8211463D800C7DBD3 /* Products */ = {
			isa = PBXGroup;
			children = (
				CFEA3DE7211463D800C7DBD3 /* OSX_BareBonesRayMarching.app */,
			);
			name = Products;
			sourceTree = "<group>";
		};
		CFEA3DE9211463D800C7DBD3 /* Source */ = {
			isa = PBXGroup;
			children = (
				1DAF37B521EAA112000DC9E5 /* ViewController.swift */,
				1D0DDCD6222F148500D916F6 /* Win3DViewController.swift */,
				1D3FB46F225519240027DFDF /* VideoRecorderViewController.swift */,
				1D40CB4C21F1015F009C73A3 /* Widget.swift */,
				CFD49CC92115C6DC00B4C5EB /* Shaders.metal */,
				1DAF37B921EAD662000DC9E5 /* Shader.h */,
				1D0DDCDC222F173600D916F6 /* Renderer.swift */,
				1D0DDCD8222F14E000D916F6 /* View3D.swift */,
				CFD49CC52115B92300B4C5EB /* MetalView.swift */,
				1D465007221E88DA00D14A94 /* SaveLoadViewController.swift */,
				1D4650092221B0BB00D14A94 /* HelpViewController.swift */,
				1D09268B223C1248005BC5FC /* EquationPickerViewController.swift */,
				CFEA3DEA211463D800C7DBD3 /* AppDelegate.swift */,
				1D0DDCDE222F181B00D916F6 /* ArcBall.swift */,
				CFEA3DEE211463D900C7DBD3 /* Assets.xcassets */,
				CFEA3DF0211463D900C7DBD3 /* Main.storyboard */,
				1D46500B2221B0C400D14A94 /* help.txt */,
				1D0DDCDA222F14F300D916F6 /* help2.txt */,
				1D3FB4732256C7890027DFDF /* help3.txt */,
				CFEA3DF3211463D900C7DBD3 /* Info.plist */,
				CFEA3DF4211463D900C7DBD3 /* Entitlements.entitlements */,
			);
			path = Source;
			sourceTree = "<group>";
		};
/* End PBXGroup section */

/* Begin PBXNativeTarget section */
		CFEA3DE6211463D800C7DBD3 /* OSX_BareBonesRayMarching */ = {
			isa = PBXNativeTarget;
			buildConfigurationList = CFEA3E0D211463D900C7DBD3 /* Build configuration list for PBXNativeTarget "OSX_BareBonesRayMarching" */;
			buildPhases = (
				CFEA3DE3211463D800C7DBD3 /* Sources */,
				CFEA3DE4211463D800C7DBD3 /* Frameworks */,
				CFEA3DE5211463D800C7DBD3 /* Resources */,
			);
			buildRules = (
			);
			dependencies = (
			);
			name = OSX_BareBonesRayMarching;
			productName = MetalTest;
			productReference = CFEA3DE7211463D800C7DBD3 /* OSX_BareBonesRayMarching.app */;
			productType = "com.apple.product-type.application";
		};
/* End PBXNativeTarget section */

/* Begin PBXProject section */
		CFEA3DDF211463D800C7DBD3 /* Project object */ = {
			isa = PBXProject;
			attributes = {
				LastSwiftUpdateCheck = 0940;
				LastUpgradeCheck = 0940;
				ORGANIZATIONNAME = "Sky Zhang";
				TargetAttributes = {
					CFEA3DE6211463D800C7DBD3 = {
						CreatedOnToolsVersion = 9.4.1;
						LastSwiftMigration = 1010;
					};
				};
			};
			buildConfigurationList = CFEA3DE2211463D800C7DBD3 /* Build configuration list for PBXProject "OSX_BareBonesRayMarching" */;
			compatibilityVersion = "Xcode 9.3";
			developmentRegion = en;
			hasScannedForEncodings = 0;
			knownRegions = (
				en,
				Base,
			);
			mainGroup = CFEA3DDE211463D800C7DBD3;
			productRefGroup = CFEA3DE8211463D800C7DBD3 /* Products */;
			projectDirPath = "";
			projectRoot = "";
			targets = (
				CFEA3DE6211463D800C7DBD3 /* OSX_BareBonesRayMarching */,
			);
		};
/* End PBXProject section */

/* Begin PBXResourcesBuildPhase section */
		CFEA3DE5211463D800C7DBD3 /* Resources */ = {
			isa = PBXResourcesBuildPhase;
			buildActionMask = 2147483647;
			files = (
				CFEA3DEF211463D900C7DBD3 /* Assets.xcassets in Resources */,
				1D46500C2221B0C400D14A94 /* help.txt in Resources */,
				1D0DDCDB222F14F300D916F6 /* help2.txt in Resources */,
				CFEA3DF2211463D900C7DBD3 /* Main.storyboard in Resources */,
				1D3FB4742256C78A0027DFDF /* help3.txt in Resources */,
			);
			runOnlyForDeploymentPostprocessing = 0;
		};
/* End PBXResourcesBuildPhase section */

/* Begin PBXSourcesBuildPhase section */
		CFEA3DE3211463D800C7DBD3 /* Sources */ = {
			isa = PBXSourcesBuildPhase;
			buildActionMask = 2147483647;
			files = (
				1D0DDCDF222F181C00D916F6 /* ArcBall.swift in Sources */,
				1D0DDCD7222F148500D916F6 /* Win3DViewController.swift in Sources */,
				1D3FB471225519240027DFDF /* VideoRecorderViewController.swift in Sources */,
				1D0DDCD9222F14E000D916F6 /* View3D.swift in Sources */,
				1D46500A2221B0BB00D14A94 /* HelpViewController.swift in Sources */,
				CFD49CCA2115C6DC00B4C5EB /* Shaders.metal in Sources */,
				CFD49CC62115B92300B4C5EB /* MetalView.swift in Sources */,
				1D40CB4D21F1015F009C73A3 /* Widget.swift in Sources */,
				1DAF37B721EAA112000DC9E5 /* ViewController.swift in Sources */,
				1D09268C223C1248005BC5FC /* EquationPickerViewController.swift in Sources */,
				CFEA3DEB211463D800C7DBD3 /* AppDelegate.swift in Sources */,
				1D0DDCDD222F173600D916F6 /* Renderer.swift in Sources */,
				1D465008221E88DA00D14A94 /* SaveLoadViewController.swift in Sources */,
			);
			runOnlyForDeploymentPostprocessing = 0;
		};
/* End PBXSourcesBuildPhase section */

/* Begin PBXVariantGroup section */
		CFEA3DF0211463D900C7DBD3 /* Main.storyboard */ = {
			isa = PBXVariantGroup;
			children = (
				CFEA3DF1211463D900C7DBD3 /* Base */,
			);
			name = Main.storyboard;
			sourceTree = "<group>";
		};
/* End PBXVariantGroup section */

/* Begin XCBuildConfiguration section */
		CFEA3E0B211463D900C7DBD3 /* Debug */ = {
			isa = XCBuildConfiguration;
			buildSettings = {
				ALWAYS_SEARCH_USER_PATHS = NO;
				CLANG_ANALYZER_NONNULL = YES;
				CLANG_ANALYZER_NUMBER_OBJECT_CONVERSION = YES_AGGRESSIVE;
				CLANG_CXX_LANGUAGE_STANDARD = "gnu++14";
				CLANG_CXX_LIBRARY = "libc++";
				CLANG_ENABLE_MODULES = YES;
				CLANG_ENABLE_OBJC_ARC = YES;
				CLANG_ENABLE_OBJC_WEAK = YES;
				CLANG_WARN_BLOCK_CAPTURE_AUTORELEASING = YES;
				CLANG_WARN_BOOL_CONVERSION = YES;
				CLANG_WARN_COMMA = YES;
				CLANG_WARN_CONSTANT_CONVERSION = YES;
				CLANG_WARN_DEPRECATED_OBJC_IMPLEMENTATIONS = YES;
				CLANG_WARN_DIRECT_OBJC_ISA_USAGE = YES_ERROR;
				CLANG_WARN_DOCUMENTATION_COMMENTS = YES;
				CLANG_WARN_EMPTY_BODY = YES;
				CLANG_WARN_ENUM_CONVERSION = YES;
				CLANG_WARN_INFINITE_RECURSION = YES;
				CLANG_WARN_INT_CONVERSION = YES;
				CLANG_WARN_NON_LITERAL_NULL_CONVERSION = YES;
				CLANG_WARN_OBJC_IMPLICIT_RETAIN_SELF = YES;
				CLANG_WARN_OBJC_LITERAL_CONVERSION = YES;
				CLANG_WARN_OBJC_ROOT_CLASS = YES_ERROR;
				CLANG_WARN_RANGE_LOOP_ANALYSIS = YES;
				CLANG_WARN_STRICT_PROTOTYPES = YES;
				CLANG_WARN_SUSPICIOUS_MOVE = YES;
				CLANG_WARN_UNGUARDED_AVAILABILITY = YES_AGGRESSIVE;
				CLANG_WARN_UNREACHABLE_CODE = YES;
				CLANG_WARN__DUPLICATE_METHOD_MATCH = YES;
				CODE_SIGN_IDENTITY = "Mac Developer";
				COPY_PHASE_STRIP = NO;
				DEBUG_INFORMATION_FORMAT = dwarf;
				ENABLE_STRICT_OBJC_MSGSEND = YES;
				ENABLE_TESTABILITY = YES;
				GCC_C_LANGUAGE_STANDARD = gnu11;
				GCC_DYNAMIC_NO_PIC = NO;
				GCC_NO_COMMON_BLOCKS = YES;
				GCC_OPTIMIZATION_LEVEL = 0;
				GCC_PREPROCESSOR_DEFINITIONS = (
					"DEBUG=1",
					"$(inherited)",
				);
				GCC_WARN_64_TO_32_BIT_CONVERSION = YES;
				GCC_WARN_ABOUT_RETURN_TYPE = YES_ERROR;
				GCC_WARN_UNDECLARED_SELECTOR = YES;
				GCC_WARN_UNINITIALIZED_AUTOS = YES_AGGRESSIVE;
				GCC_WARN_UNUSED_FUNCTION = YES;
				GCC_WARN_UNUSED_VARIABLE = YES;
				MACOSX_DEPLOYMENT_TARGET = 10.13;
				MTL_ENABLE_DEBUG_INFO = YES;
				ONLY_ACTIVE_ARCH = YES;
				SDKROOT = macosx;
				SWIFT_ACTIVE_COMPILATION_CONDITIONS = DEBUG;
				SWIFT_OBJC_BRIDGING_HEADER = Source/Shader.h;
				SWIFT_OPTIMIZATION_LEVEL = "-Onone";
			};
			name = Debug;
		};
		CFEA3E0C211463D900C7DBD3 /* Release */ = {
			isa = XCBuildConfiguration;
			buildSettings = {
				ALWAYS_SEARCH_USER_PATHS = NO;
				CLANG_ANALYZER_NONNULL = YES;
				CLANG_ANALYZER_NUMBER_OBJECT_CONVERSION = YES_AGGRESSIVE;
				CLANG_CXX_LANGUAGE_STANDARD = "gnu++14";
				CLANG_CXX_LIBRARY = "libc++";
				CLANG_ENABLE_MODULES = YES;
				CLANG_ENABLE_OBJC_ARC = YES;
				CLANG_ENABLE_OBJC_WEAK = YES;
				CLANG_WARN_BLOCK_CAPTURE_AUTORELEASING = YES;
				CLANG_WARN_BOOL_CONVERSION = YES;
				CLANG_WARN_COMMA = YES;
				CLANG_WARN_CONSTANT_CONVERSION = YES;
				CLANG_WARN_DEPRECATED_OBJC_IMPLEMENTATIONS = YES;
				CLANG_WARN_DIRECT_OBJC_ISA_USAGE = YES_ERROR;
				CLANG_WARN_DOCUMENTATION_COMMENTS = YES;
				CLANG_WARN_EMPTY_BODY = YES;
				CLANG_WARN_ENUM_CONVERSION = YES;
				CLANG_WARN_INFINITE_RECURSION = YES;
				CLANG_WARN_INT_CONVERSION = YES;
				CLANG_WARN_NON_LITERAL_NULL_CONVERSION = YES;
				CLANG_WARN_OBJC_IMPLICIT_RETAIN_SELF = YES;
				CLANG_WARN_OBJC_LITERAL_CONVERSION = YES;
				CLANG_WARN_OBJC_ROOT_CLASS = YES_ERROR;
				CLANG_WARN_RANGE_LOOP_ANALYSIS = YES;
				CLANG_WARN_STRICT_PROTOTYPES = YES;
				CLANG_WARN_SUSPICIOUS_MOVE = YES;
				CLANG_WARN_UNGUARDED_AVAILABILITY = YES_AGGRESSIVE;
				CLANG_WARN_UNREACHABLE_CODE = YES;
				CLANG_WARN__DUPLICATE_METHOD_MATCH = YES;
				CODE_SIGN_IDENTITY = "Mac Developer";
				COPY_PHASE_STRIP = NO;
				DEBUG_INFORMATION_FORMAT = "dwarf-with-dsym";
				ENABLE_NS_ASSERTIONS = NO;
				ENABLE_STRICT_OBJC_MSGSEND = YES;
				GCC_C_LANGUAGE_STANDARD = gnu11;
				GCC_NO_COMMON_BLOCKS = YES;
				GCC_WARN_64_TO_32_BIT_CONVERSION = YES;
				GCC_WARN_ABOUT_RETURN_TYPE = YES_ERROR;
				GCC_WARN_UNDECLARED_SELECTOR = YES;
				GCC_WARN_UNINITIALIZED_AUTOS = YES_AGGRESSIVE;
				GCC_WARN_UNUSED_FUNCTION = YES;
				GCC_WARN_UNUSED_VARIABLE = YES;
				MACOSX_DEPLOYMENT_TARGET = 10.13;
				MTL_ENABLE_DEBUG_INFO = NO;
				SDKROOT = macosx;
				SWIFT_COMPILATION_MODE = wholemodule;
				SWIFT_OBJC_BRIDGING_HEADER = Source/Shader.h;
				SWIFT_OPTIMIZATION_LEVEL = "-O";
			};
			name = Release;
		};
		CFEA3E0E211463D900C7DBD3 /* Debug */ = {
			isa = XCBuildConfiguration;
			buildSettings = {
				ASSETCATALOG_COMPILER_APPICON_NAME = AppIcon;
				CLANG_ENABLE_MODULES = YES;
				CODE_SIGN_ENTITLEMENTS = Source/Entitlements.entitlements;
				CODE_SIGN_STYLE = Automatic;
				COMBINE_HIDPI_IMAGES = YES;
				DEVELOPMENT_TEAM = 7237X7VY2S;
				INFOPLIST_FILE = "$(SRCROOT)/Source/Info.plist";
				LD_RUNPATH_SEARCH_PATHS = (
					"$(inherited)",
					"@executable_path/../Frameworks",
				);
				PRODUCT_BUNDLE_IDENTIFIER = "com.Harry.OSX-BareBonesRayMarching";
				PRODUCT_NAME = "$(TARGET_NAME)";
				SWIFT_ENFORCE_EXCLUSIVE_ACCESS = none;
				SWIFT_OPTIMIZATION_LEVEL = "-Onone";
				SWIFT_VERSION = 5.0;
			};
			name = Debug;
		};
		CFEA3E0F211463D900C7DBD3 /* Release */ = {
			isa = XCBuildConfiguration;
			buildSettings = {
				ASSETCATALOG_COMPILER_APPICON_NAME = AppIcon;
				CLANG_ENABLE_MODULES = YES;
				CODE_SIGN_ENTITLEMENTS = Source/Entitlements.entitlements;
				CODE_SIGN_STYLE = Automatic;
				COMBINE_HIDPI_IMAGES = YES;
				DEVELOPMENT_TEAM = 7237X7VY2S;
				GCC_OPTIMIZATION_LEVEL = 3;
				INFOPLIST_FILE = "$(SRCROOT)/Source/Info.plist";
				LD_RUNPATH_SEARCH_PATHS = (
					"$(inherited)",
					"@executable_path/../Frameworks",
				);
				MTL_FAST_MATH = YES;
				MTL_OPTIMIZATION_LEVEL = 3;
				PRODUCT_BUNDLE_IDENTIFIER = "com.Harry.OSX-BareBonesRayMarching";
				PRODUCT_NAME = "$(TARGET_NAME)";
				SWIFT_VERSION = 5.0;
			};
			name = Release;
		};
/* End XCBuildConfiguration section */

/* Begin XCConfigurationList section */
		CFEA3DE2211463D800C7DBD3 /* Build configuration list for PBXProject "OSX_BareBonesRayMarching" */ = {
			isa = XCConfigurationList;
			buildConfigurations = (
				CFEA3E0B211463D900C7DBD3 /* Debug */,
				CFEA3E0C211463D900C7DBD3 /* Release */,
			);
			defaultConfigurationIsVisible = 0;
			defaultConfigurationName = Release;
		};
		CFEA3E0D211463D900C7DBD3 /* Build configuration list for PBXNativeTarget "OSX_BareBonesRayMarching" */ = {
			isa = XCConfigurationList;
			buildConfigurations = (
				CFEA3E0E211463D900C7DBD3 /* Debug */,
				CFEA3E0F211463D900C7DBD3 /* Release */,
			);
			defaultConfigurationIsVisible = 0;
			defaultConfigurationName = Release;
		};
/* End XCConfigurationList section */
	};
	rootObject = CFEA3DDF211463D800C7DBD3 /* Project object */;
}
